
Microsoft Visual Studio Solution File, Format Version 12.00
# Visual Studio Version 17
VisualStudioVersion = 17.4.33110.190
MinimumVisualStudioVersion = 10.0.40219.1
Project("{FAE04EC0-301F-11D3-BF4B-00C04F79EFBC}") = "StackOverFlowProject", "StackOverFlowProject.csproj", "{47E52837-87B5-4CE9-B893-C1D9216CC7A8}"
EndProject
Project("{FAE04EC0-301F-11D3-BF4B-00C04F79EFBC}") = "StackOverFlowProject.DomainModel", "..\StackOverFlowProject.DomainModel\StackOverFlowProject.DomainModel.csproj", "{99E33642-8D1F-4709-BDA9-F7D41B36E39D}"
EndProject
Project("{FAE04EC0-301F-11D3-BF4B-00C04F79EFBC}") = "StackOverFlowProject.ViewModels", "StackOverFlow.ViewModels\StackOverFlowProject.ViewModels.csproj", "{A27CBD4A-5D3E-4930-A589-1BA78FC03A9D}"
EndProject
Project("{FAE04EC0-301F-11D3-BF4B-00C04F79EFBC}") = "StackOverFlowProject.Repositories", "StackOverFlowProject.Repositories\StackOverFlowProject.Repositories.csproj", "{F945FEEA-B850-4700-AED4-2915CFF200CE}"
EndProject
Project("{FAE04EC0-301F-11D3-BF4B-00C04F79EFBC}") = "StackOverFlowProject.ServiceLayer", "StackOverFlow.ServiceLayer\StackOverFlowProject.ServiceLayer.csproj", "{23369BD8-8017-45BE-94DD-444781ED843A}"
EndProject
Global
	GlobalSection(SolutionConfigurationPlatforms) = preSolution
		Debug|Any CPU = Debug|Any CPU
		Release|Any CPU = Release|Any CPU
	EndGlobalSection
	GlobalSection(ProjectConfigurationPlatforms) = postSolution
		{47E52837-87B5-4CE9-B893-C1D9216CC7A8}.Debug|Any CPU.ActiveCfg = Debug|Any CPU
		{47E52837-87B5-4CE9-B893-C1D9216CC7A8}.Debug|Any CPU.Build.0 = Debug|Any CPU
		{47E52837-87B5-4CE9-B893-C1D9216CC7A8}.Release|Any CPU.ActiveCfg = Release|Any CPU
		{47E52837-87B5-4CE9-B893-C1D9216CC7A8}.Release|Any CPU.Build.0 = Release|Any CPU
		{99E33642-8D1F-4709-BDA9-F7D41B36E39D}.Debug|Any CPU.ActiveCfg = Debug|Any CPU
		{99E33642-8D1F-4709-BDA9-F7D41B36E39D}.Debug|Any CPU.Build.0 = Debug|Any CPU
		{99E33642-8D1F-4709-BDA9-F7D41B36E39D}.Release|Any CPU.ActiveCfg = Release|Any CPU
		{99E33642-8D1F-4709-BDA9-F7D41B36E39D}.Release|Any CPU.Build.0 = Release|Any CPU
		{A27CBD4A-5D3E-4930-A589-1BA78FC03A9D}.Debug|Any CPU.ActiveCfg = Debug|Any CPU
		{A27CBD4A-5D3E-4930-A589-1BA78FC03A9D}.Debug|Any CPU.Build.0 = Debug|Any CPU
		{A27CBD4A-5D3E-4930-A589-1BA78FC03A9D}.Release|Any CPU.ActiveCfg = Release|Any CPU
		{A27CBD4A-5D3E-4930-A589-1BA78FC03A9D}.Release|Any CPU.Build.0 = Release|Any CPU
		{F945FEEA-B850-4700-AED4-2915CFF200CE}.Debug|Any CPU.ActiveCfg = Debug|Any CPU
		{F945FEEA-B850-4700-AED4-2915CFF200CE}.Debug|Any CPU.Build.0 = Debug|Any CPU
		{F945FEEA-B850-4700-AED4-2915CFF200CE}.Release|Any CPU.ActiveCfg = Release|Any CPU
		{F945FEEA-B850-4700-AED4-2915CFF200CE}.Release|Any CPU.Build.0 = Release|Any CPU
		{23369BD8-8017-45BE-94DD-444781ED843A}.Debug|Any CPU.ActiveCfg = Debug|Any CPU
		{23369BD8-8017-45BE-94DD-444781ED843A}.Debug|Any CPU.Build.0 = Debug|Any CPU
		{23369BD8-8017-45BE-94DD-444781ED843A}.Release|Any CPU.ActiveCfg = Release|Any CPU
		{23369BD8-8017-45BE-94DD-444781ED843A}.Release|Any CPU.Build.0 = Release|Any CPU
	EndGlobalSection
	GlobalSection(SolutionProperties) = preSolution
		HideSolutionNode = FALSE
	EndGlobalSection
	GlobalSection(ExtensibilityGlobals) = postSolution
		SolutionGuid = {EE175C05-FC7E-47ED-AEBA-916F1456879A}
	EndGlobalSection
EndGlobal
